<Solution>
  <Folder Name="/src/" />
  <Folder Name="/src/BuildingBlocks/">
    <Project Path="src/BuildingBlocks/MicroShop.Contracts/MicroShop.Contracts.csproj" />
  </Folder>
  <Folder Name="/src/Services/" />
  <Folder Name="/src/Services/Notification/">
    <Project Path="src/Services/Notification/MicroShop.Notification/MicroShop.Notification.csproj" />
  </Folder>
  <Folder Name="/src/Services/Order/">
    <Project Path="src/Services/Order/MicroShop.Order/MicroShop.Order.csproj" />
  </Folder>
  <Folder Name="/src/Services/Order/MicroShop.Oder/" />
  <Folder Name="/src/Services/Product/">
    <Project Path="src/Services/Product/MicroShop.Product/MicroShop.Product.csproj" />
  </Folder>
</Solution>
